
Microsoft Visual Studio Solution File, Format Version 12.00
# Visual Studio Version 17
VisualStudioVersion = 17.7.34031.279
MinimumVisualStudioVersion = 10.0.40219.1
Project("{FAE04EC0-301F-11D3-BF4B-00C04F79EFBC}") = "TCPClient", "TCPClient\TCPClient.csproj", "{9E1FF662-EC7C-4555-A7E7-7B140C6EBD55}"
EndProject
Global
	GlobalSection(SolutionConfigurationPlatforms) = preSolution
		Debug|Any CPU = Debug|Any CPU
		Release|Any CPU = Release|Any CPU
	EndGlobalSection
	GlobalSection(ProjectConfigurationPlatforms) = postSolution
		{9E1FF662-EC7C-4555-A7E7-7B140C6EBD55}.Debug|Any CPU.ActiveCfg = Debug|Any CPU
		{9E1FF662-EC7C-4555-A7E7-7B140C6EBD55}.Debug|Any CPU.Build.0 = Debug|Any CPU
		{9E1FF662-EC7C-4555-A7E7-7B140C6EBD55}.Release|Any CPU.ActiveCfg = Release|Any CPU
		{9E1FF662-EC7C-4555-A7E7-7B140C6EBD55}.Release|Any CPU.Build.0 = Release|Any CPU
	EndGlobalSection
	GlobalSection(SolutionProperties) = preSolution
		HideSolutionNode = FALSE
	EndGlobalSection
	GlobalSection(ExtensibilityGlobals) = postSolution
		SolutionGuid = {8D9A01A9-5BE7-4357-BA9D-490506DE4D42}
	EndGlobalSection
EndGlobal
